
Microsoft Visual Studio Solution File, Format Version 12.00
# Visual Studio Version 17
VisualStudioVersion = 17.4.33110.190
MinimumVisualStudioVersion = 10.0.40219.1
Project("{FAE04EC0-301F-11D3-BF4B-00C04F79EFBC}") = "URBTECH", "URBTECH\URBTECH.csproj", "{C5AB89B5-039E-480D-AC9F-D4E29B6E137E}"
EndProject
Project("{2150E333-8FDC-42A3-9474-1A3956D46DE8}") = "API", "API", "{C50D102A-E326-4B4F-98FE-4753EA591AB8}"
EndProject
Project("{2150E333-8FDC-42A3-9474-1A3956D46DE8}") = "Entities", "Entities", "{F083E0C1-1870-4BAF-A317-9B12D22A4229}"
EndProject
Project("{2150E333-8FDC-42A3-9474-1A3956D46DE8}") = "Infrastructure", "Infrastructure", "{2FE4157D-0A91-4CE9-8864-8D48973B61C0}"
EndProject
Project("{2150E333-8FDC-42A3-9474-1A3956D46DE8}") = "Data", "Data", "{D13EDE45-8CEE-432F-A7D6-B5B18CD4B680}"
EndProject
Project("{FAE04EC0-301F-11D3-BF4B-00C04F79EFBC}") = "Infrastructure", "Infrastructure\Infrastructure.csproj", "{9A292D8F-1C18-4D6C-8F87-F0C156DD4EF7}"
EndProject
Project("{FAE04EC0-301F-11D3-BF4B-00C04F79EFBC}") = "Entities", "Entities\Entities.csproj", "{C62F1D9B-FFCE-4462-ABBB-110D3D6B00DD}"
EndProject
Project("{FAE04EC0-301F-11D3-BF4B-00C04F79EFBC}") = "Datas", "Data\Datas.csproj", "{7D9746E0-0930-4E52-8A96-75F302A1652B}"
EndProject
Global
	GlobalSection(SolutionConfigurationPlatforms) = preSolution
		Debug|Any CPU = Debug|Any CPU
		Release|Any CPU = Release|Any CPU
	EndGlobalSection
	GlobalSection(ProjectConfigurationPlatforms) = postSolution
		{C5AB89B5-039E-480D-AC9F-D4E29B6E137E}.Debug|Any CPU.ActiveCfg = Debug|Any CPU
		{C5AB89B5-039E-480D-AC9F-D4E29B6E137E}.Debug|Any CPU.Build.0 = Debug|Any CPU
		{C5AB89B5-039E-480D-AC9F-D4E29B6E137E}.Release|Any CPU.ActiveCfg = Release|Any CPU
		{C5AB89B5-039E-480D-AC9F-D4E29B6E137E}.Release|Any CPU.Build.0 = Release|Any CPU
		{9A292D8F-1C18-4D6C-8F87-F0C156DD4EF7}.Debug|Any CPU.ActiveCfg = Debug|Any CPU
		{9A292D8F-1C18-4D6C-8F87-F0C156DD4EF7}.Debug|Any CPU.Build.0 = Debug|Any CPU
		{9A292D8F-1C18-4D6C-8F87-F0C156DD4EF7}.Release|Any CPU.ActiveCfg = Release|Any CPU
		{9A292D8F-1C18-4D6C-8F87-F0C156DD4EF7}.Release|Any CPU.Build.0 = Release|Any CPU
		{C62F1D9B-FFCE-4462-ABBB-110D3D6B00DD}.Debug|Any CPU.ActiveCfg = Debug|Any CPU
		{C62F1D9B-FFCE-4462-ABBB-110D3D6B00DD}.Debug|Any CPU.Build.0 = Debug|Any CPU
		{C62F1D9B-FFCE-4462-ABBB-110D3D6B00DD}.Release|Any CPU.ActiveCfg = Release|Any CPU
		{C62F1D9B-FFCE-4462-ABBB-110D3D6B00DD}.Release|Any CPU.Build.0 = Release|Any CPU
		{7D9746E0-0930-4E52-8A96-75F302A1652B}.Debug|Any CPU.ActiveCfg = Debug|Any CPU
		{7D9746E0-0930-4E52-8A96-75F302A1652B}.Debug|Any CPU.Build.0 = Debug|Any CPU
		{7D9746E0-0930-4E52-8A96-75F302A1652B}.Release|Any CPU.ActiveCfg = Release|Any CPU
		{7D9746E0-0930-4E52-8A96-75F302A1652B}.Release|Any CPU.Build.0 = Release|Any CPU
	EndGlobalSection
	GlobalSection(SolutionProperties) = preSolution
		HideSolutionNode = FALSE
	EndGlobalSection
	GlobalSection(NestedProjects) = preSolution
		{C5AB89B5-039E-480D-AC9F-D4E29B6E137E} = {C50D102A-E326-4B4F-98FE-4753EA591AB8}
		{9A292D8F-1C18-4D6C-8F87-F0C156DD4EF7} = {2FE4157D-0A91-4CE9-8864-8D48973B61C0}
		{C62F1D9B-FFCE-4462-ABBB-110D3D6B00DD} = {F083E0C1-1870-4BAF-A317-9B12D22A4229}
		{7D9746E0-0930-4E52-8A96-75F302A1652B} = {D13EDE45-8CEE-432F-A7D6-B5B18CD4B680}
	EndGlobalSection
	GlobalSection(ExtensibilityGlobals) = postSolution
		SolutionGuid = {FFEF8287-8150-4DC9-A24E-A273D0C3134A}
	EndGlobalSection
EndGlobal
